# This file is automatically @generated by Cargo.
# It is not intended for manual editing.
version = 4

[[package]]
name = "cat"
version = "0.1.0"

[[package]]
name = "cfg-if"
version = "1.0.4"
source = "registry+https://github.com/rust-lang/crates.io-index"
checksum = "9330f8b2ff13f34540b44e946ef35111825727b38d33286ef986142615121801"

[[package]]
name = "clear"
version = "0.1.0"

[[package]]
name = "client"
version = "0.1.0"

[[package]]
name = "cp"
version = "0.1.0"

[[package]]
name = "cut"
version = "0.1.0"

[[package]]
name = "date"
version = "0.1.0"

[[package]]
name = "df"
version = "0.1.0"

[[package]]
name = "diff"
version = "0.1.0"

[[package]]
name = "dmesg"
version = "0.1.0"

[[package]]
name = "du"
version = "0.1.0"

[[package]]
name = "echo"
version = "0.1.0"

[[package]]
name = "find"
version = "0.1.0"

[[package]]
name = "free"
version = "0.1.0"

[[package]]
name = "getrandom"
version = "0.2.17"
source = "registry+https://github.com/rust-lang/crates.io-index"
checksum = "ff2abc00be7fca6ebc474524697ae276ad847ad0a6b3faa4bcb027e9a4614ad0"
dependencies = [
 "cfg-if",
 "libc",
 "wasi",
]

[[package]]
name = "grep"
version = "0.1.0"

[[package]]
name = "head"
version = "0.1.0"

[[package]]
name = "id"
version = "0.1.0"

[[package]]
name = "ifconfig"
version = "0.1.0"

[[package]]
name = "init"
version = "0.1.0"
dependencies = [
 "getrandom",
]

[[package]]
name = "ip"
version = "0.1.0"

[[package]]
name = "kill"
version = "0.1.0"

[[package]]
name = "libc"
version = "0.2.186"
source = "registry+https://github.com/rust-lang/crates.io-index"
checksum = "68ab91017fe16c622486840e4c83c9a37afeff978bd239b5293d61ece587de66"

[[package]]
name = "ls"
version = "0.1.0"

[[package]]
name = "lscpu"
version = "0.1.0"

[[package]]
name = "lspci"
version = "0.1.0"

[[package]]
name = "mkdir"
version = "0.1.0"

[[package]]
name = "mv"
version = "0.1.0"

[[package]]
name = "nano"
version = "0.1.0"

[[package]]
name = "nc"
version = "0.1.0"

[[package]]
name = "ping"
version = "0.1.0"

[[package]]
name = "pkill"
version = "0.1.0"

[[package]]
name = "ps"
version = "0.1.0"

[[package]]
name = "readdirtest"
version = "0.1.0"

[[package]]
name = "rm"
version = "0.1.0"

[[package]]
name = "rmdir"
version = "0.1.0"

[[package]]
name = "server"
version = "0.1.0"

[[package]]
name = "service"
version = "0.1.0"

[[package]]
name = "shell"
version = "0.1.0"

[[package]]
name = "smptest"
version = "0.1.0"

[[package]]
name = "sort"
version = "0.1.0"

[[package]]
name = "spinloop"
version = "0.1.0"

[[package]]
name = "tail"
version = "0.1.0"

[[package]]
name = "tee"
version = "0.1.0"

[[package]]
name = "touch"
version = "0.1.0"

[[package]]
name = "tr"
version = "0.1.0"

[[package]]
name = "uname"
version = "0.1.0"

[[package]]
name = "uniq"
version = "0.1.0"

[[package]]
name = "uptime"
version = "0.1.0"

[[package]]
name = "wasi"
version = "0.11.1+wasi-snapshot-preview1"
source = "registry+https://github.com/rust-lang/crates.io-index"
checksum = "ccf3ec651a847eb01de73ccad15eb7d99f80485de043efb2f370cd654f4ea44b"

[[package]]
name = "wc"
version = "0.1.0"

[[package]]
name = "wget"
version = "0.1.0"

[[package]]
name = "which"
version = "0.1.0"

[[package]]
name = "whoami"
version = "0.1.0"
